
Microsoft Visual Studio Solution File, Format Version 12.00
# Visual Studio Version 16
VisualStudioVersion = 16.0.31911.196
MinimumVisualStudioVersion = 10.0.40219.1
Project("{2150E333-8FDC-42A3-9474-1A3956D46DE8}") = "Work1", "Work1", "{6DB217F1-F3C9-4ED2-A179-80C8F9A00443}"
EndProject
Project("{8BC9CEB8-8B4A-11D0-8D11-00A0C91BC942}") = "Work1_Ex1", "Work1_Ex1\Work1_Ex1.vcxproj", "{AE7EEBF2-BC67-47E6-AF3D-B49A8E8FB6A7}"
EndProject
Project("{8BC9CEB8-8B4A-11D0-8D11-00A0C91BC942}") = "Work1_Ex2", "Work1_Ex2\Work1_Ex2.vcxproj", "{7C34B019-46F5-45E5-BEFF-0A2E9ED81385}"
EndProject
Project("{8BC9CEB8-8B4A-11D0-8D11-00A0C91BC942}") = "Work1_Ex3", "Work1_Ex3\Work1_Ex3.vcxproj", "{A187FF1C-A8DF-47DF-B8A5-AABF23C989B0}"
EndProject
Project("{8BC9CEB8-8B4A-11D0-8D11-00A0C91BC942}") = "Work1_Ex4", "Work1_Ex4\Work1_Ex4.vcxproj", "{9F90794D-F1DA-4066-9504-28B567CB0CF3}"
EndProject
Project("{8BC9CEB8-8B4A-11D0-8D11-00A0C91BC942}") = "Work1_Ex5", "Work1_Ex5\Work1_Ex5.vcxproj", "{4E3CA1E6-B7CC-43E5-BE23-3D8DFBF5C418}"
EndProject
Project("{2150E333-8FDC-42A3-9474-1A3956D46DE8}") = "Homework", "Homework", "{38D45AEE-34E3-4988-80E6-CD3C427FF71A}"
EndProject
Project("{8BC9CEB8-8B4A-11D0-8D11-00A0C91BC942}") = "Homework1", "Homework1\Homework1.vcxproj", "{D8DD5EAD-D9B8-4C6E-AFC1-68FB922D7A56}"
EndProject
Project("{8BC9CEB8-8B4A-11D0-8D11-00A0C91BC942}") = "Homework2_Ex2", "Homework2_Ex2\Homework2_Ex2.vcxproj", "{76F969B2-4810-49F8-825E-E3C751456282}"
EndProject
Project("{8BC9CEB8-8B4A-11D0-8D11-00A0C91BC942}") = "Homework2_Ex1", "Homework2_Ex1\Homework2_Ex1.vcxproj", "{F1AB3C82-B242-4560-B103-40EDF05CF162}"
EndProject
Project("{2150E333-8FDC-42A3-9474-1A3956D46DE8}") = "Work2", "Work2", "{243ED9A3-0B76-46C2-A8A6-2C24C93654E1}"
EndProject
Project("{8BC9CEB8-8B4A-11D0-8D11-00A0C91BC942}") = "Work2_Ex1", "Work2_Ex1\Work2_Ex1.vcxproj", "{9ADDD9C8-C7A0-436D-A3DE-AFCF72238881}"
EndProject
Project("{8BC9CEB8-8B4A-11D0-8D11-00A0C91BC942}") = "Work2_Ex2", "Work2_Ex2\Work2_Ex2.vcxproj", "{A52DD377-44C5-4029-B6F7-CBE53E2E3BC0}"
EndProject
Project("{8BC9CEB8-8B4A-11D0-8D11-00A0C91BC942}") = "Work2_Ex3", "Work2_Ex3\Work2_Ex3.vcxproj", "{93BC3CFF-9867-42E8-9B5E-EEC2A6FD9086}"
EndProject
Project("{8BC9CEB8-8B4A-11D0-8D11-00A0C91BC942}") = "Work2_Ex4", "Work2_Ex4\Work2_Ex4.vcxproj", "{AB1F80A8-2663-4CF8-8965-48362E712111}"
EndProject
Project("{8BC9CEB8-8B4A-11D0-8D11-00A0C91BC942}") = "Work2_Ex5", "Work2_Ex5\Work2_Ex5.vcxproj", "{7297EB9F-64AB-4F85-AD79-108ADA55BE70}"
EndProject
Project("{8BC9CEB8-8B4A-11D0-8D11-00A0C91BC942}") = "Homework3_Ex1", "Homework3_Ex1\Homework3_Ex1.vcxproj", "{5906F891-003F-4083-A0E5-C04B22688B86}"
EndProject
Project("{8BC9CEB8-8B4A-11D0-8D11-00A0C91BC942}") = "Homework3_Ex2", "Homework3_Ex2\Homework3_Ex2.vcxproj", "{72A123C3-CE6D-4FFD-9E81-521CCB879BA2}"
EndProject
Project("{8BC9CEB8-8B4A-11D0-8D11-00A0C91BC942}") = "Homework3_Ex3", "Homework3_Ex3\Homework3_Ex3.vcxproj", "{D4E5F2F9-43B8-4E5D-AC43-BBFE8283A0E6}"
EndProject
Project("{8BC9CEB8-8B4A-11D0-8D11-00A0C91BC942}") = "Homework3_Ex4", "Homework3_Ex4\Homework3_Ex4.vcxproj", "{ECEA8BE2-17B9-427B-903D-8694C2D05D3F}"
EndProject
Project("{8BC9CEB8-8B4A-11D0-8D11-00A0C91BC942}") = "Homework4_Ex1", "Homework4_Ex1\Homework4_Ex1.vcxproj", "{9C872503-3196-4FC2-A22A-8762E8F369DE}"
EndProject
Project("{8BC9CEB8-8B4A-11D0-8D11-00A0C91BC942}") = "Homework5_Ex1", "Homework5_Ex1\Homework5_Ex1.vcxproj", "{2253534B-4352-4358-9B2B-18A6FD144BBF}"
EndProject
Project("{8BC9CEB8-8B4A-11D0-8D11-00A0C91BC942}") = "Homework5_Ex2", "Homework5_Ex2\Homework5_Ex2.vcxproj", "{278439BA-8555-45F0-81EB-F091DAA0ACF8}"
EndProject
Project("{8BC9CEB8-8B4A-11D0-8D11-00A0C91BC942}") = "Homework5_Ex3", "Homework5_Ex3\Homework5_Ex3.vcxproj", "{891BE2C7-2756-425B-B40C-7B213EA292D1}"
EndProject
Project("{8BC9CEB8-8B4A-11D0-8D11-00A0C91BC942}") = "Homework5_Ex4", "Homework5_Ex4\Homework5_Ex4.vcxproj", "{F59FC5F3-630E-421B-8384-515EC9253E27}"
EndProject
Project("{8BC9CEB8-8B4A-11D0-8D11-00A0C91BC942}") = "Homework4x_Ex1", "Homework4x_Ex1\Homework4x_Ex1.vcxproj", "{A38CBC1C-2D6D-4FB7-AB28-4FAD39F59A02}"
EndProject
Global
	GlobalSection(SolutionConfigurationPlatforms) = preSolution
		Debug|x64 = Debug|x64
		Debug|x86 = Debug|x86
		Release|x64 = Release|x64
		Release|x86 = Release|x86
	EndGlobalSection
	GlobalSection(ProjectConfigurationPlatforms) = postSolution
		{AE7EEBF2-BC67-47E6-AF3D-B49A8E8FB6A7}.Debug|x64.ActiveCfg = Debug|x64
		{AE7EEBF2-BC67-47E6-AF3D-B49A8E8FB6A7}.Debug|x64.Build.0 = Debug|x64
		{AE7EEBF2-BC67-47E6-AF3D-B49A8E8FB6A7}.Debug|x86.ActiveCfg = Debug|Win32
		{AE7EEBF2-BC67-47E6-AF3D-B49A8E8FB6A7}.Debug|x86.Build.0 = Debug|Win32
		{AE7EEBF2-BC67-47E6-AF3D-B49A8E8FB6A7}.Release|x64.ActiveCfg = Release|x64
		{AE7EEBF2-BC67-47E6-AF3D-B49A8E8FB6A7}.Release|x64.Build.0 = Release|x64
		{AE7EEBF2-BC67-47E6-AF3D-B49A8E8FB6A7}.Release|x86.ActiveCfg = Release|Win32
		{AE7EEBF2-BC67-47E6-AF3D-B49A8E8FB6A7}.Release|x86.Build.0 = Release|Win32
		{7C34B019-46F5-45E5-BEFF-0A2E9ED81385}.Debug|x64.ActiveCfg = Debug|x64
		{7C34B019-46F5-45E5-BEFF-0A2E9ED81385}.Debug|x64.Build.0 = Debug|x64
		{7C34B019-46F5-45E5-BEFF-0A2E9ED81385}.Debug|x86.ActiveCfg = Debug|Win32
		{7C34B019-46F5-45E5-BEFF-0A2E9ED81385}.Debug|x86.Build.0 = Debug|Win32
		{7C34B019-46F5-45E5-BEFF-0A2E9ED81385}.Release|x64.ActiveCfg = Release|x64
		{7C34B019-46F5-45E5-BEFF-0A2E9ED81385}.Release|x64.Build.0 = Release|x64
		{7C34B019-46F5-45E5-BEFF-0A2E9ED81385}.Release|x86.ActiveCfg = Release|Win32
		{7C34B019-46F5-45E5-BEFF-0A2E9ED81385}.Release|x86.Build.0 = Release|Win32
		{A187FF1C-A8DF-47DF-B8A5-AABF23C989B0}.Debug|x64.ActiveCfg = Debug|x64
		{A187FF1C-A8DF-47DF-B8A5-AABF23C989B0}.Debug|x64.Build.0 = Debug|x64
		{A187FF1C-A8DF-47DF-B8A5-AABF23C989B0}.Debug|x86.ActiveCfg = Debug|Win32
		{A187FF1C-A8DF-47DF-B8A5-AABF23C989B0}.Debug|x86.Build.0 = Debug|Win32
		{A187FF1C-A8DF-47DF-B8A5-AABF23C989B0}.Release|x64.ActiveCfg = Release|x64
		{A187FF1C-A8DF-47DF-B8A5-AABF23C989B0}.Release|x64.Build.0 = Release|x64
		{A187FF1C-A8DF-47DF-B8A5-AABF23C989B0}.Release|x86.ActiveCfg = Release|Win32
		{A187FF1C-A8DF-47DF-B8A5-AABF23C989B0}.Release|x86.Build.0 = Release|Win32
		{9F90794D-F1DA-4066-9504-28B567CB0CF3}.Debug|x64.ActiveCfg = Debug|x64
		{9F90794D-F1DA-4066-9504-28B567CB0CF3}.Debug|x64.Build.0 = Debug|x64
		{9F90794D-F1DA-4066-9504-28B567CB0CF3}.Debug|x86.ActiveCfg = Debug|Win32
		{9F90794D-F1DA-4066-9504-28B567CB0CF3}.Debug|x86.Build.0 = Debug|Win32
		{9F90794D-F1DA-4066-9504-28B567CB0CF3}.Release|x64.ActiveCfg = Release|x64
		{9F90794D-F1DA-4066-9504-28B567CB0CF3}.Release|x64.Build.0 = Release|x64
		{9F90794D-F1DA-4066-9504-28B567CB0CF3}.Release|x86.ActiveCfg = Release|Win32
		{9F90794D-F1DA-4066-9504-28B567CB0CF3}.Release|x86.Build.0 = Release|Win32
		{4E3CA1E6-B7CC-43E5-BE23-3D8DFBF5C418}.Debug|x64.ActiveCfg = Debug|x64
		{4E3CA1E6-B7CC-43E5-BE23-3D8DFBF5C418}.Debug|x64.Build.0 = Debug|x64
		{4E3CA1E6-B7CC-43E5-BE23-3D8DFBF5C418}.Debug|x86.ActiveCfg = Debug|Win32
		{4E3CA1E6-B7CC-43E5-BE23-3D8DFBF5C418}.Debug|x86.Build.0 = Debug|Win32
		{4E3CA1E6-B7CC-43E5-BE23-3D8DFBF5C418}.Release|x64.ActiveCfg = Release|x64
		{4E3CA1E6-B7CC-43E5-BE23-3D8DFBF5C418}.Release|x64.Build.0 = Release|x64
		{4E3CA1E6-B7CC-43E5-BE23-3D8DFBF5C418}.Release|x86.ActiveCfg = Release|Win32
		{4E3CA1E6-B7CC-43E5-BE23-3D8DFBF5C418}.Release|x86.Build.0 = Release|Win32
		{D8DD5EAD-D9B8-4C6E-AFC1-68FB922D7A56}.Debug|x64.ActiveCfg = Debug|x64
		{D8DD5EAD-D9B8-4C6E-AFC1-68FB922D7A56}.Debug|x64.Build.0 = Debug|x64
		{D8DD5EAD-D9B8-4C6E-AFC1-68FB922D7A56}.Debug|x86.ActiveCfg = Debug|Win32
		{D8DD5EAD-D9B8-4C6E-AFC1-68FB922D7A56}.Debug|x86.Build.0 = Debug|Win32
		{D8DD5EAD-D9B8-4C6E-AFC1-68FB922D7A56}.Release|x64.ActiveCfg = Release|x64
		{D8DD5EAD-D9B8-4C6E-AFC1-68FB922D7A56}.Release|x64.Build.0 = Release|x64
		{D8DD5EAD-D9B8-4C6E-AFC1-68FB922D7A56}.Release|x86.ActiveCfg = Release|Win32
		{D8DD5EAD-D9B8-4C6E-AFC1-68FB922D7A56}.Release|x86.Build.0 = Release|Win32
		{76F969B2-4810-49F8-825E-E3C751456282}.Debug|x64.ActiveCfg = Debug|x64
		{76F969B2-4810-49F8-825E-E3C751456282}.Debug|x64.Build.0 = Debug|x64
		{76F969B2-4810-49F8-825E-E3C751456282}.Debug|x86.ActiveCfg = Debug|Win32
		{76F969B2-4810-49F8-825E-E3C751456282}.Debug|x86.Build.0 = Debug|Win32
		{76F969B2-4810-49F8-825E-E3C751456282}.Release|x64.ActiveCfg = Release|x64
		{76F969B2-4810-49F8-825E-E3C751456282}.Release|x64.Build.0 = Release|x64
		{76F969B2-4810-49F8-825E-E3C751456282}.Release|x86.ActiveCfg = Release|Win32
		{76F969B2-4810-49F8-825E-E3C751456282}.Release|x86.Build.0 = Release|Win32
		{F1AB3C82-B242-4560-B103-40EDF05CF162}.Debug|x64.ActiveCfg = Debug|x64
		{F1AB3C82-B242-4560-B103-40EDF05CF162}.Debug|x64.Build.0 = Debug|x64
		{F1AB3C82-B242-4560-B103-40EDF05CF162}.Debug|x86.ActiveCfg = Debug|Win32
		{F1AB3C82-B242-4560-B103-40EDF05CF162}.Debug|x86.Build.0 = Debug|Win32
		{F1AB3C82-B242-4560-B103-40EDF05CF162}.Release|x64.ActiveCfg = Release|x64
		{F1AB3C82-B242-4560-B103-40EDF05CF162}.Release|x64.Build.0 = Release|x64
		{F1AB3C82-B242-4560-B103-40EDF05CF162}.Release|x86.ActiveCfg = Release|Win32
		{F1AB3C82-B242-4560-B103-40EDF05CF162}.Release|x86.Build.0 = Release|Win32
		{9ADDD9C8-C7A0-436D-A3DE-AFCF72238881}.Debug|x64.ActiveCfg = Debug|x64
		{9ADDD9C8-C7A0-436D-A3DE-AFCF72238881}.Debug|x64.Build.0 = Debug|x64
		{9ADDD9C8-C7A0-436D-A3DE-AFCF72238881}.Debug|x86.ActiveCfg = Debug|Win32
		{9ADDD9C8-C7A0-436D-A3DE-AFCF72238881}.Debug|x86.Build.0 = Debug|Win32
		{9ADDD9C8-C7A0-436D-A3DE-AFCF72238881}.Release|x64.ActiveCfg = Release|x64
		{9ADDD9C8-C7A0-436D-A3DE-AFCF72238881}.Release|x64.Build.0 = Release|x64
		{9ADDD9C8-C7A0-436D-A3DE-AFCF72238881}.Release|x86.ActiveCfg = Release|Win32
		{9ADDD9C8-C7A0-436D-A3DE-AFCF72238881}.Release|x86.Build.0 = Release|Win32
		{A52DD377-44C5-4029-B6F7-CBE53E2E3BC0}.Debug|x64.ActiveCfg = Debug|x64
		{A52DD377-44C5-4029-B6F7-CBE53E2E3BC0}.Debug|x64.Build.0 = Debug|x64
		{A52DD377-44C5-4029-B6F7-CBE53E2E3BC0}.Debug|x86.ActiveCfg = Debug|Win32
		{A52DD377-44C5-4029-B6F7-CBE53E2E3BC0}.Debug|x86.Build.0 = Debug|Win32
		{A52DD377-44C5-4029-B6F7-CBE53E2E3BC0}.Release|x64.ActiveCfg = Release|x64
		{A52DD377-44C5-4029-B6F7-CBE53E2E3BC0}.Release|x64.Build.0 = Release|x64
		{A52DD377-44C5-4029-B6F7-CBE53E2E3BC0}.Release|x86.ActiveCfg = Release|Win32
		{A52DD377-44C5-4029-B6F7-CBE53E2E3BC0}.Release|x86.Build.0 = Release|Win32
		{93BC3CFF-9867-42E8-9B5E-EEC2A6FD9086}.Debug|x64.ActiveCfg = Debug|x64
		{93BC3CFF-9867-42E8-9B5E-EEC2A6FD9086}.Debug|x64.Build.0 = Debug|x64
		{93BC3CFF-9867-42E8-9B5E-EEC2A6FD9086}.Debug|x86.ActiveCfg = Debug|Win32
		{93BC3CFF-9867-42E8-9B5E-EEC2A6FD9086}.Debug|x86.Build.0 = Debug|Win32
		{93BC3CFF-9867-42E8-9B5E-EEC2A6FD9086}.Release|x64.ActiveCfg = Release|x64
		{93BC3CFF-9867-42E8-9B5E-EEC2A6FD9086}.Release|x64.Build.0 = Release|x64
		{93BC3CFF-9867-42E8-9B5E-EEC2A6FD9086}.Release|x86.ActiveCfg = Release|Win32
		{93BC3CFF-9867-42E8-9B5E-EEC2A6FD9086}.Release|x86.Build.0 = Release|Win32
		{AB1F80A8-2663-4CF8-8965-48362E712111}.Debug|x64.ActiveCfg = Debug|x64
		{AB1F80A8-2663-4CF8-8965-48362E712111}.Debug|x64.Build.0 = Debug|x64
		{AB1F80A8-2663-4CF8-8965-48362E712111}.Debug|x86.ActiveCfg = Debug|Win32
		{AB1F80A8-2663-4CF8-8965-48362E712111}.Debug|x86.Build.0 = Debug|Win32
		{AB1F80A8-2663-4CF8-8965-48362E712111}.Release|x64.ActiveCfg = Release|x64
		{AB1F80A8-2663-4CF8-8965-48362E712111}.Release|x64.Build.0 = Release|x64
		{AB1F80A8-2663-4CF8-8965-48362E712111}.Release|x86.ActiveCfg = Release|Win32
		{AB1F80A8-2663-4CF8-8965-48362E712111}.Release|x86.Build.0 = Release|Win32
		{7297EB9F-64AB-4F85-AD79-108ADA55BE70}.Debug|x64.ActiveCfg = Debug|x64
		{7297EB9F-64AB-4F85-AD79-108ADA55BE70}.Debug|x64.Build.0 = Debug|x64
		{7297EB9F-64AB-4F85-AD79-108ADA55BE70}.Debug|x86.ActiveCfg = Debug|Win32
		{7297EB9F-64AB-4F85-AD79-108ADA55BE70}.Debug|x86.Build.0 = Debug|Win32
		{7297EB9F-64AB-4F85-AD79-108ADA55BE70}.Release|x64.ActiveCfg = Release|x64
		{7297EB9F-64AB-4F85-AD79-108ADA55BE70}.Release|x64.Build.0 = Release|x64
		{7297EB9F-64AB-4F85-AD79-108ADA55BE70}.Release|x86.ActiveCfg = Release|Win32
		{7297EB9F-64AB-4F85-AD79-108ADA55BE70}.Release|x86.Build.0 = Release|Win32
		{5906F891-003F-4083-A0E5-C04B22688B86}.Debug|x64.ActiveCfg = Debug|x64
		{5906F891-003F-4083-A0E5-C04B22688B86}.Debug|x64.Build.0 = Debug|x64
		{5906F891-003F-4083-A0E5-C04B22688B86}.Debug|x86.ActiveCfg = Debug|Win32
		{5906F891-003F-4083-A0E5-C04B22688B86}.Debug|x86.Build.0 = Debug|Win32
		{5906F891-003F-4083-A0E5-C04B22688B86}.Release|x64.ActiveCfg = Release|x64
		{5906F891-003F-4083-A0E5-C04B22688B86}.Release|x64.Build.0 = Release|x64
		{5906F891-003F-4083-A0E5-C04B22688B86}.Release|x86.ActiveCfg = Release|Win32
		{5906F891-003F-4083-A0E5-C04B22688B86}.Release|x86.Build.0 = Release|Win32
		{72A123C3-CE6D-4FFD-9E81-521CCB879BA2}.Debug|x64.ActiveCfg = Debug|x64
		{72A123C3-CE6D-4FFD-9E81-521CCB879BA2}.Debug|x64.Build.0 = Debug|x64
		{72A123C3-CE6D-4FFD-9E81-521CCB879BA2}.Debug|x86.ActiveCfg = Debug|Win32
		{72A123C3-CE6D-4FFD-9E81-521CCB879BA2}.Debug|x86.Build.0 = Debug|Win32
		{72A123C3-CE6D-4FFD-9E81-521CCB879BA2}.Release|x64.ActiveCfg = Release|x64
		{72A123C3-CE6D-4FFD-9E81-521CCB879BA2}.Release|x64.Build.0 = Release|x64
		{72A123C3-CE6D-4FFD-9E81-521CCB879BA2}.Release|x86.ActiveCfg = Release|Win32
		{72A123C3-CE6D-4FFD-9E81-521CCB879BA2}.Release|x86.Build.0 = Release|Win32
		{D4E5F2F9-43B8-4E5D-AC43-BBFE8283A0E6}.Debug|x64.ActiveCfg = Debug|x64
		{D4E5F2F9-43B8-4E5D-AC43-BBFE8283A0E6}.Debug|x64.Build.0 = Debug|x64
		{D4E5F2F9-43B8-4E5D-AC43-BBFE8283A0E6}.Debug|x86.ActiveCfg = Debug|Win32
		{D4E5F2F9-43B8-4E5D-AC43-BBFE8283A0E6}.Debug|x86.Build.0 = Debug|Win32
		{D4E5F2F9-43B8-4E5D-AC43-BBFE8283A0E6}.Release|x64.ActiveCfg = Release|x64
		{D4E5F2F9-43B8-4E5D-AC43-BBFE8283A0E6}.Release|x64.Build.0 = Release|x64
		{D4E5F2F9-43B8-4E5D-AC43-BBFE8283A0E6}.Release|x86.ActiveCfg = Release|Win32
		{D4E5F2F9-43B8-4E5D-AC43-BBFE8283A0E6}.Release|x86.Build.0 = Release|Win32
		{ECEA8BE2-17B9-427B-903D-8694C2D05D3F}.Debug|x64.ActiveCfg = Debug|x64
		{ECEA8BE2-17B9-427B-903D-8694C2D05D3F}.Debug|x64.Build.0 = Debug|x64
		{ECEA8BE2-17B9-427B-903D-8694C2D05D3F}.Debug|x86.ActiveCfg = Debug|Win32
		{ECEA8BE2-17B9-427B-903D-8694C2D05D3F}.Debug|x86.Build.0 = Debug|Win32
		{ECEA8BE2-17B9-427B-903D-8694C2D05D3F}.Release|x64.ActiveCfg = Release|x64
		{ECEA8BE2-17B9-427B-903D-8694C2D05D3F}.Release|x64.Build.0 = Release|x64
		{ECEA8BE2-17B9-427B-903D-8694C2D05D3F}.Release|x86.ActiveCfg = Release|Win32
		{ECEA8BE2-17B9-427B-903D-8694C2D05D3F}.Release|x86.Build.0 = Release|Win32
		{9C872503-3196-4FC2-A22A-8762E8F369DE}.Debug|x64.ActiveCfg = Debug|x64
		{9C872503-3196-4FC2-A22A-8762E8F369DE}.Debug|x64.Build.0 = Debug|x64
		{9C872503-3196-4FC2-A22A-8762E8F369DE}.Debug|x86.ActiveCfg = Debug|Win32
		{9C872503-3196-4FC2-A22A-8762E8F369DE}.Debug|x86.Build.0 = Debug|Win32
		{9C872503-3196-4FC2-A22A-8762E8F369DE}.Release|x64.ActiveCfg = Release|x64
		{9C872503-3196-4FC2-A22A-8762E8F369DE}.Release|x64.Build.0 = Release|x64
		{9C872503-3196-4FC2-A22A-8762E8F369DE}.Release|x86.ActiveCfg = Release|Win32
		{9C872503-3196-4FC2-A22A-8762E8F369DE}.Release|x86.Build.0 = Release|Win32
		{2253534B-4352-4358-9B2B-18A6FD144BBF}.Debug|x64.ActiveCfg = Debug|x64
		{2253534B-4352-4358-9B2B-18A6FD144BBF}.Debug|x64.Build.0 = Debug|x64
		{2253534B-4352-4358-9B2B-18A6FD144BBF}.Debug|x86.ActiveCfg = Debug|Win32
		{2253534B-4352-4358-9B2B-18A6FD144BBF}.Debug|x86.Build.0 = Debug|Win32
		{2253534B-4352-4358-9B2B-18A6FD144BBF}.Release|x64.ActiveCfg = Release|x64
		{2253534B-4352-4358-9B2B-18A6FD144BBF}.Release|x64.Build.0 = Release|x64
		{2253534B-4352-4358-9B2B-18A6FD144BBF}.Release|x86.ActiveCfg = Release|Win32
		{2253534B-4352-4358-9B2B-18A6FD144BBF}.Release|x86.Build.0 = Release|Win32
		{278439BA-8555-45F0-81EB-F091DAA0ACF8}.Debug|x64.ActiveCfg = Debug|x64
		{278439BA-8555-45F0-81EB-F091DAA0ACF8}.Debug|x64.Build.0 = Debug|x64
		{278439BA-8555-45F0-81EB-F091DAA0ACF8}.Debug|x86.ActiveCfg = Debug|Win32
		{278439BA-8555-45F0-81EB-F091DAA0ACF8}.Debug|x86.Build.0 = Debug|Win32
		{278439BA-8555-45F0-81EB-F091DAA0ACF8}.Release|x64.ActiveCfg = Release|x64
		{278439BA-8555-45F0-81EB-F091DAA0ACF8}.Release|x64.Build.0 = Release|x64
		{278439BA-8555-45F0-81EB-F091DAA0ACF8}.Release|x86.ActiveCfg = Release|Win32
		{278439BA-8555-45F0-81EB-F091DAA0ACF8}.Release|x86.Build.0 = Release|Win32
		{891BE2C7-2756-425B-B40C-7B213EA292D1}.Debug|x64.ActiveCfg = Debug|x64
		{891BE2C7-2756-425B-B40C-7B213EA292D1}.Debug|x64.Build.0 = Debug|x64
		{891BE2C7-2756-425B-B40C-7B213EA292D1}.Debug|x86.ActiveCfg = Debug|Win32
		{891BE2C7-2756-425B-B40C-7B213EA292D1}.Debug|x86.Build.0 = Debug|Win32
		{891BE2C7-2756-425B-B40C-7B213EA292D1}.Release|x64.ActiveCfg = Release|x64
		{891BE2C7-2756-425B-B40C-7B213EA292D1}.Release|x64.Build.0 = Release|x64
		{891BE2C7-2756-425B-B40C-7B213EA292D1}.Release|x86.ActiveCfg = Release|Win32
		{891BE2C7-2756-425B-B40C-7B213EA292D1}.Release|x86.Build.0 = Release|Win32
		{F59FC5F3-630E-421B-8384-515EC9253E27}.Debug|x64.ActiveCfg = Debug|x64
		{F59FC5F3-630E-421B-8384-515EC9253E27}.Debug|x64.Build.0 = Debug|x64
		{F59FC5F3-630E-421B-8384-515EC9253E27}.Debug|x86.ActiveCfg = Debug|Win32
		{F59FC5F3-630E-421B-8384-515EC9253E27}.Debug|x86.Build.0 = Debug|Win32
		{F59FC5F3-630E-421B-8384-515EC9253E27}.Release|x64.ActiveCfg = Release|x64
		{F59FC5F3-630E-421B-8384-515EC9253E27}.Release|x64.Build.0 = Release|x64
		{F59FC5F3-630E-421B-8384-515EC9253E27}.Release|x86.ActiveCfg = Release|Win32
		{F59FC5F3-630E-421B-8384-515EC9253E27}.Release|x86.Build.0 = Release|Win32
		{A38CBC1C-2D6D-4FB7-AB28-4FAD39F59A02}.Debug|x64.ActiveCfg = Debug|x64
		{A38CBC1C-2D6D-4FB7-AB28-4FAD39F59A02}.Debug|x64.Build.0 = Debug|x64
		{A38CBC1C-2D6D-4FB7-AB28-4FAD39F59A02}.Debug|x86.ActiveCfg = Debug|Win32
		{A38CBC1C-2D6D-4FB7-AB28-4FAD39F59A02}.Debug|x86.Build.0 = Debug|Win32
		{A38CBC1C-2D6D-4FB7-AB28-4FAD39F59A02}.Release|x64.ActiveCfg = Release|x64
		{A38CBC1C-2D6D-4FB7-AB28-4FAD39F59A02}.Release|x64.Build.0 = Release|x64
		{A38CBC1C-2D6D-4FB7-AB28-4FAD39F59A02}.Release|x86.ActiveCfg = Release|Win32
		{A38CBC1C-2D6D-4FB7-AB28-4FAD39F59A02}.Release|x86.Build.0 = Release|Win32
	EndGlobalSection
	GlobalSection(SolutionProperties) = preSolution
		HideSolutionNode = FALSE
	EndGlobalSection
	GlobalSection(NestedProjects) = preSolution
		{AE7EEBF2-BC67-47E6-AF3D-B49A8E8FB6A7} = {6DB217F1-F3C9-4ED2-A179-80C8F9A00443}
		{7C34B019-46F5-45E5-BEFF-0A2E9ED81385} = {6DB217F1-F3C9-4ED2-A179-80C8F9A00443}
		{A187FF1C-A8DF-47DF-B8A5-AABF23C989B0} = {6DB217F1-F3C9-4ED2-A179-80C8F9A00443}
		{9F90794D-F1DA-4066-9504-28B567CB0CF3} = {6DB217F1-F3C9-4ED2-A179-80C8F9A00443}
		{4E3CA1E6-B7CC-43E5-BE23-3D8DFBF5C418} = {6DB217F1-F3C9-4ED2-A179-80C8F9A00443}
		{D8DD5EAD-D9B8-4C6E-AFC1-68FB922D7A56} = {38D45AEE-34E3-4988-80E6-CD3C427FF71A}
		{76F969B2-4810-49F8-825E-E3C751456282} = {38D45AEE-34E3-4988-80E6-CD3C427FF71A}
		{F1AB3C82-B242-4560-B103-40EDF05CF162} = {38D45AEE-34E3-4988-80E6-CD3C427FF71A}
		{9ADDD9C8-C7A0-436D-A3DE-AFCF72238881} = {243ED9A3-0B76-46C2-A8A6-2C24C93654E1}
		{A52DD377-44C5-4029-B6F7-CBE53E2E3BC0} = {243ED9A3-0B76-46C2-A8A6-2C24C93654E1}
		{93BC3CFF-9867-42E8-9B5E-EEC2A6FD9086} = {243ED9A3-0B76-46C2-A8A6-2C24C93654E1}
		{AB1F80A8-2663-4CF8-8965-48362E712111} = {243ED9A3-0B76-46C2-A8A6-2C24C93654E1}
		{7297EB9F-64AB-4F85-AD79-108ADA55BE70} = {243ED9A3-0B76-46C2-A8A6-2C24C93654E1}
		{5906F891-003F-4083-A0E5-C04B22688B86} = {38D45AEE-34E3-4988-80E6-CD3C427FF71A}
		{72A123C3-CE6D-4FFD-9E81-521CCB879BA2} = {38D45AEE-34E3-4988-80E6-CD3C427FF71A}
		{D4E5F2F9-43B8-4E5D-AC43-BBFE8283A0E6} = {38D45AEE-34E3-4988-80E6-CD3C427FF71A}
		{ECEA8BE2-17B9-427B-903D-8694C2D05D3F} = {38D45AEE-34E3-4988-80E6-CD3C427FF71A}
		{9C872503-3196-4FC2-A22A-8762E8F369DE} = {38D45AEE-34E3-4988-80E6-CD3C427FF71A}
		{2253534B-4352-4358-9B2B-18A6FD144BBF} = {38D45AEE-34E3-4988-80E6-CD3C427FF71A}
		{278439BA-8555-45F0-81EB-F091DAA0ACF8} = {38D45AEE-34E3-4988-80E6-CD3C427FF71A}
		{891BE2C7-2756-425B-B40C-7B213EA292D1} = {38D45AEE-34E3-4988-80E6-CD3C427FF71A}
		{F59FC5F3-630E-421B-8384-515EC9253E27} = {38D45AEE-34E3-4988-80E6-CD3C427FF71A}
		{A38CBC1C-2D6D-4FB7-AB28-4FAD39F59A02} = {38D45AEE-34E3-4988-80E6-CD3C427FF71A}
	EndGlobalSection
	GlobalSection(ExtensibilityGlobals) = postSolution
		SolutionGuid = {38302B62-9DA8-4F31-B875-40D8AA13E1B3}
	EndGlobalSection
EndGlobal
